// !$*UTF8*$!
{
	archiveVersion = 1;
	classes = {
	};
	objectVersion = 50;
	objects = {

/* Begin PBXBuildFile section */
		AF12C8A321D22C90007450EF /* AppDelegate.swift in Sources */ = {isa = PBXBuildFile; fileRef = AF12C8A221D22C90007450EF /* AppDelegate.swift */; };
		AF12C8A521D22C90007450EF /* ViewController.swift in Sources */ = {isa = PBXBuildFile; fileRef = AF12C8A421D22C90007450EF /* ViewController.swift */; };
		AF12C8A821D22C90007450EF /* Main.storyboard in Resources */ = {isa = PBXBuildFile; fileRef = AF12C8A621D22C90007450EF /* Main.storyboard */; };
		AF12C8AA21D22C91007450EF /* Assets.xcassets in Resources */ = {isa = PBXBuildFile; fileRef = AF12C8A921D22C91007450EF /* Assets.xcassets */; };
		AF12C8AD21D22C91007450EF /* LaunchScreen.storyboard in Resources */ = {isa = PBXBuildFile; fileRef = AF12C8AB21D22C91007450EF /* LaunchScreen.storyboard */; };
		C99561996B3AA93DCDC24FE5 /* Pods_BasicSample.framework in Frameworks */ = {isa = PBXBuildFile; fileRef = DDB3C4AE4216A8E2E18B2D89 /* Pods_BasicSample.framework */; };
/* End PBXBuildFile section */

/* Begin PBXFileReference section */
		A12BC677915BCEDAF99495A0 /* Pods-BasicSample.release.xcconfig */ = {isa = PBXFileReference; includeInIndex = 1; lastKnownFileType = text.xcconfig; name = "Pods-BasicSample.release.xcconfig"; path = "Pods/Target Support Files/Pods-BasicSample/Pods-BasicSample.release.xcconfig"; sourceTree = "<group>"; };
		AF12C89F21D22C90007450EF /* BasicSample.app */ = {isa = PBXFileReference; explicitFileType = wrapper.application; includeInIndex = 0; path = BasicSample.app; sourceTree = BUILT_PRODUCTS_DIR; };
		AF12C8A221D22C90007450EF /* AppDelegate.swift */ = {isa = PBXFileReference; lastKnownFileType = sourcecode.swift; path = AppDelegate.swift; sourceTree = "<group>"; };
		AF12C8A421D22C90007450EF /* ViewController.swift */ = {isa = PBXFileReference; lastKnownFileType = sourcecode.swift; path = ViewController.swift; sourceTree = "<group>"; };
		AF12C8A721D22C90007450EF /* Base */ = {isa = PBXFileReference; lastKnownFileType = file.storyboard; name = Base; path = Base.lproj/Main.storyboard; sourceTree = "<group>"; };
		AF12C8A921D22C91007450EF /* Assets.xcassets */ = {isa = PBXFileReference; lastKnownFileType = folder.assetcatalog; path = Assets.xcassets; sourceTree = "<group>"; };
		AF12C8AC21D22C91007450EF /* Base */ = {isa = PBXFileReference; lastKnownFileType = file.storyboard; name = Base; path = Base.lproj/LaunchScreen.storyboard; sourceTree = "<group>"; };
		AF12C8AE21D22C91007450EF /* Info.plist */ = {isa = PBXFileReference; lastKnownFileType = text.plist.xml; path = Info.plist; sourceTree = "<group>"; };
		DA8FD29341BFC5EE48219A44 /* Pods-BasicSample.debug.xcconfig */ = {isa = PBXFileReference; includeInIndex = 1; lastKnownFileType = text.xcconfig; name = "Pods-BasicSample.debug.xcconfig"; path = "Pods/Target Support Files/Pods-BasicSample/Pods-BasicSample.debug.xcconfig"; sourceTree = "<group>"; };
		DDB3C4AE4216A8E2E18B2D89 /* Pods_BasicSample.framework */ = {isa = PBXFileReference; explicitFileType = wrapper.framework; includeInIndex = 0; path = Pods_BasicSample.framework; sourceTree = BUILT_PRODUCTS_DIR; };
/* End PBXFileReference section */

/* Begin PBXFrameworksBuildPhase section */
		AF12C89C21D22C90007450EF /* Frameworks */ = {
			isa = PBXFrameworksBuildPhase;
			buildActionMask = 2147483647;
			files = (
				C99561996B3AA93DCDC24FE5 /* Pods_BasicSample.framework in Frameworks */,
			);
			runOnlyForDeploymentPostprocessing = 0;
		};
/* End PBXFrameworksBuildPhase section */

/* Begin PBXGroup section */
		00E97DD57A62D663FA07478F /* Frameworks */ = {
			isa = PBXGroup;
			children = (
				DDB3C4AE4216A8E2E18B2D89 /* Pods_BasicSample.framework */,
			);
			name = Frameworks;
			sourceTree = "<group>";
		};
		43F8B15A6428408D536AEED2 /* Pods */ = {
			isa = PBXGroup;
			children = (
				DA8FD29341BFC5EE48219A44 /* Pods-BasicSample.debug.xcconfig */,
				A12BC677915BCEDAF99495A0 /* Pods-BasicSample.release.xcconfig */,
			);
			name = Pods;
			sourceTree = "<group>";
		};
		AF12C89621D22C90007450EF = {
			isa = PBXGroup;
			children = (
				AF12C8A121D22C90007450EF /* BasicSample */,
				AF12C8A021D22C90007450EF /* Products */,
				43F8B15A6428408D536AEED2 /* Pods */,
				00E97DD57A62D663FA07478F /* Frameworks */,
			);
			sourceTree = "<group>";
		};
		AF12C8A021D22C90007450EF /* Products */ = {
			isa = PBXGroup;
			children = (
				AF12C89F21D22C90007450EF /* BasicSample.app */,
			);
			name = Products;
			sourceTree = "<group>";
		};
		AF12C8A121D22C90007450EF /* BasicSample */ = {
			isa = PBXGroup;
			children = (
				AF12C8A221D22C90007450EF /* AppDelegate.swift */,
				AF12C8A421D22C90007450EF /* ViewController.swift */,
				AF12C8A621D22C90007450EF /* Main.storyboard */,
				AF12C8A921D22C91007450EF /* Assets.xcassets */,
				AF12C8AB21D22C91007450EF /* LaunchScreen.storyboard */,
				AF12C8AE21D22C91007450EF /* Info.plist */,
			);
			path = BasicSample;
			sourceTree = "<group>";
		};
/* End PBXGroup section */

/* Begin PBXNativeTarget section */
		AF12C89E21D22C90007450EF /* BasicSample */ = {
			isa = PBXNativeTarget;
			buildConfigurationList = AF12C8B121D22C91007450EF /* Build configuration list for PBXNativeTarget "BasicSample" */;
			buildPhases = (
				3C04AABC5FA4764F2BA3EE55 /* [CP] Check Pods Manifest.lock */,
				AF12C89B21D22C90007450EF /* Sources */,
				AF12C89C21D22C90007450EF /* Frameworks */,
				AF12C89D21D22C90007450EF /* Resources */,
				DD01856C8F8B726FA379BB79 /* [CP] Embed Pods Frameworks */,
			);
			buildRules = (
			);
			dependencies = (
			);
			name = BasicSample;
			productName = BasicSample;
			productReference = AF12C89F21D22C90007450EF /* BasicSample.app */;
			productType = "com.apple.product-type.application";
		};
/* End PBXNativeTarget section */

/* Begin PBXProject section */
		AF12C89721D22C90007450EF /* Project object */ = {
			isa = PBXProject;
			attributes = {
				LastSwiftUpdateCheck = 0940;
				LastUpgradeCheck = 0940;
				ORGANIZATIONNAME = bold360ai;
				TargetAttributes = {
					AF12C89E21D22C90007450EF = {
						CreatedOnToolsVersion = 9.4.1;
					};
				};
			};
			buildConfigurationList = AF12C89A21D22C90007450EF /* Build configuration list for PBXProject "BasicSample" */;
			compatibilityVersion = "Xcode 9.3";
			developmentRegion = en;
			hasScannedForEncodings = 0;
			knownRegions = (
				en,
				Base,
			);
			mainGroup = AF12C89621D22C90007450EF;
			productRefGroup = AF12C8A021D22C90007450EF /* Products */;
			projectDirPath = "";
			projectRoot = "";
			targets = (
				AF12C89E21D22C90007450EF /* BasicSample */,
			);
		};
/* End PBXProject section */

/* Begin PBXResourcesBuildPhase section */
		AF12C89D21D22C90007450EF /* Resources */ = {
			isa = PBXResourcesBuildPhase;
			buildActionMask = 2147483647;
			files = (
				AF12C8AD21D22C91007450EF /* LaunchScreen.storyboard in Resources */,
				AF12C8AA21D22C91007450EF /* Assets.xcassets in Resources */,
				AF12C8A821D22C90007450EF /* Main.storyboard in Resources */,
			);
			runOnlyForDeploymentPostprocessing = 0;
		};
/* End PBXResourcesBuildPhase section */

/* Begin PBXShellScriptBuildPhase section */
		3C04AABC5FA4764F2BA3EE55 /* [CP] Check Pods Manifest.lock */ = {
			isa = PBXShellScriptBuildPhase;
			buildActionMask = 2147483647;
			files = (
			);
			inputPaths = (
				"${PODS_PODFILE_DIR_PATH}/Podfile.lock",
				"${PODS_ROOT}/Manifest.lock",
			);
			name = "[CP] Check Pods Manifest.lock";
			outputPaths = (
				"$(DERIVED_FILE_DIR)/Pods-BasicSample-checkManifestLockResult.txt",
			);
			runOnlyForDeploymentPostprocessing = 0;
			shellPath = /bin/sh;
			shellScript = "diff \"${PODS_PODFILE_DIR_PATH}/Podfile.lock\" \"${PODS_ROOT}/Manifest.lock\" > /dev/null\nif [ $? != 0 ] ; then\n    # print error to STDERR\n    echo \"error: The sandbox is not in sync with the Podfile.lock. Run 'pod install' or update your CocoaPods installation.\" >&2\n    exit 1\nfi\n# This output is used by Xcode 'outputs' to avoid re-running this script phase.\necho \"SUCCESS\" > \"${SCRIPT_OUTPUT_FILE_0}\"\n";
			showEnvVarsInLog = 0;
		};
		DD01856C8F8B726FA379BB79 /* [CP] Embed Pods Frameworks */ = {
			isa = PBXShellScriptBuildPhase;
			buildActionMask = 2147483647;
			files = (
			);
			inputPaths = (
				"${SRCROOT}/Pods/Target Support Files/Pods-BasicSample/Pods-BasicSample-frameworks.sh",
				"${PODS_ROOT}/Bold360AI/Bold360AI.framework",
				"${PODS_ROOT}/BoldAIAccessibility/BoldAIAccessibility.framework",
				"${PODS_ROOT}/BoldAIEngine/BoldAIEngine.framework",
				"${PODS_ROOT}/BoldCore/BoldCore.framework",
				"${PODS_ROOT}/BoldEngine/BoldEngine.framework",
			);
			name = "[CP] Embed Pods Frameworks";
			outputPaths = (
				"${TARGET_BUILD_DIR}/${FRAMEWORKS_FOLDER_PATH}/Bold360AI.framework",
				"${TARGET_BUILD_DIR}/${FRAMEWORKS_FOLDER_PATH}/BoldAIAccessibility.framework",
				"${TARGET_BUILD_DIR}/${FRAMEWORKS_FOLDER_PATH}/BoldAIEngine.framework",
				"${TARGET_BUILD_DIR}/${FRAMEWORKS_FOLDER_PATH}/BoldCore.framework",
				"${TARGET_BUILD_DIR}/${FRAMEWORKS_FOLDER_PATH}/BoldEngine.framework",
			);
			runOnlyForDeploymentPostprocessing = 0;
			shellPath = /bin/sh;
			shellScript = "\"${SRCROOT}/Pods/Target Support Files/Pods-BasicSample/Pods-BasicSample-frameworks.sh\"\n";
			showEnvVarsInLog = 0;
		};
/* End PBXShellScriptBuildPhase section */

/* Begin PBXSourcesBuildPhase section */
		AF12C89B21D22C90007450EF /* Sources */ = {
			isa = PBXSourcesBuildPhase;
			buildActionMask = 2147483647;
			files = (
				AF12C8A521D22C90007450EF /* ViewController.swift in Sources */,
				AF12C8A321D22C90007450EF /* AppDelegate.swift in Sources */,
			);
			runOnlyForDeploymentPostprocessing = 0;
		};
/* End PBXSourcesBuildPhase section */

/* Begin PBXVariantGroup section */
		AF12C8A621D22C90007450EF /* Main.storyboard */ = {
			isa = PBXVariantGroup;
			children = (
				AF12C8A721D22C90007450EF /* Base */,
			);
			name = Main.storyboard;
			sourceTree = "<group>";
		};
		AF12C8AB21D22C91007450EF /* LaunchScreen.storyboard */ = {
			isa = PBXVariantGroup;
			children = (
				AF12C8AC21D22C91007450EF /* Base */,
			);
			name = LaunchScreen.storyboard;
			sourceTree = "<group>";
		};
/* End PBXVariantGroup section */

/* Begin XCBuildConfiguration section */
		AF12C8AF21D22C91007450EF /* Debug */ = {
			isa = XCBuildConfiguration;
			buildSettings = {
				ALWAYS_SEARCH_USER_PATHS = NO;
				CLANG_ANALYZER_NONNULL = YES;
				CLANG_ANALYZER_NUMBER_OBJECT_CONVERSION = YES_AGGRESSIVE;
				CLANG_CXX_LANGUAGE_STANDARD = "gnu++14";
				CLANG_CXX_LIBRARY = "libc++";
				CLANG_ENABLE_MODULES = YES;
				CLANG_ENABLE_OBJC_ARC = YES;
				CLANG_ENABLE_OBJC_WEAK = YES;
				CLANG_WARN_BLOCK_CAPTURE_AUTORELEASING = YES;
				CLANG_WARN_BOOL_CONVERSION = YES;
				CLANG_WARN_COMMA = YES;
				CLANG_WARN_CONSTANT_CONVERSION = YES;
				CLANG_WARN_DEPRECATED_OBJC_IMPLEMENTATIONS = YES;
				CLANG_WARN_DIRECT_OBJC_ISA_USAGE = YES_ERROR;
				CLANG_WARN_DOCUMENTATION_COMMENTS = YES;
				CLANG_WARN_EMPTY_BODY = YES;
				CLANG_WARN_ENUM_CONVERSION = YES;
				CLANG_WARN_INFINITE_RECURSION = YES;
				CLANG_WARN_INT_CONVERSION = YES;
				CLANG_WARN_NON_LITERAL_NULL_CONVERSION = YES;
				CLANG_WARN_OBJC_IMPLICIT_RETAIN_SELF = YES;
				CLANG_WARN_OBJC_LITERAL_CONVERSION = YES;
				CLANG_WARN_OBJC_ROOT_CLASS = YES_ERROR;
				CLANG_WARN_RANGE_LOOP_ANALYSIS = YES;
				CLANG_WARN_STRICT_PROTOTYPES = YES;
				CLANG_WARN_SUSPICIOUS_MOVE = YES;
				CLANG_WARN_UNGUARDED_AVAILABILITY = YES_AGGRESSIVE;
				CLANG_WARN_UNREACHABLE_CODE = YES;
				CLANG_WARN__DUPLICATE_METHOD_MATCH = YES;
				CODE_SIGN_IDENTITY = "iPhone Developer";
				COPY_PHASE_STRIP = NO;
				DEBUG_INFORMATION_FORMAT = dwarf;
				ENABLE_STRICT_OBJC_MSGSEND = YES;
				ENABLE_TESTABILITY = YES;
				GCC_C_LANGUAGE_STANDARD = gnu11;
				GCC_DYNAMIC_NO_PIC = NO;
				GCC_NO_COMMON_BLOCKS = YES;
				GCC_OPTIMIZATION_LEVEL = 0;
				GCC_PREPROCESSOR_DEFINITIONS = (
					"DEBUG=1",
					"$(inherited)",
				);
				GCC_WARN_64_TO_32_BIT_CONVERSION = YES;
				GCC_WARN_ABOUT_RETURN_TYPE = YES_ERROR;
				GCC_WARN_UNDECLARED_SELECTOR = YES;
				GCC_WARN_UNINITIALIZED_AUTOS = YES_AGGRESSIVE;
				GCC_WARN_UNUSED_FUNCTION = YES;
				GCC_WARN_UNUSED_VARIABLE = YES;
				IPHONEOS_DEPLOYMENT_TARGET = 11.4;
				MTL_ENABLE_DEBUG_INFO = YES;
				ONLY_ACTIVE_ARCH = YES;
				SDKROOT = iphoneos;
				SWIFT_ACTIVE_COMPILATION_CONDITIONS = DEBUG;
				SWIFT_OPTIMIZATION_LEVEL = "-Onone";
			};
			name = Debug;
		};
		AF12C8B021D22C91007450EF /* Release */ = {
			isa = XCBuildConfiguration;
			buildSettings = {
				ALWAYS_SEARCH_USER_PATHS = NO;
				CLANG_ANALYZER_NONNULL = YES;
				CLANG_ANALYZER_NUMBER_OBJECT_CONVERSION = YES_AGGRESSIVE;
				CLANG_CXX_LANGUAGE_STANDARD = "gnu++14";
				CLANG_CXX_LIBRARY = "libc++";
				CLANG_ENABLE_MODULES = YES;
				CLANG_ENABLE_OBJC_ARC = YES;
				CLANG_ENABLE_OBJC_WEAK = YES;
				CLANG_WARN_BLOCK_CAPTURE_AUTORELEASING = YES;
				CLANG_WARN_BOOL_CONVERSION = YES;
				CLANG_WARN_COMMA = YES;
				CLANG_WARN_CONSTANT_CONVERSION = YES;
				CLANG_WARN_DEPRECATED_OBJC_IMPLEMENTATIONS = YES;
				CLANG_WARN_DIRECT_OBJC_ISA_USAGE = YES_ERROR;
				CLANG_WARN_DOCUMENTATION_COMMENTS = YES;
				CLANG_WARN_EMPTY_BODY = YES;
				CLANG_WARN_ENUM_CONVERSION = YES;
				CLANG_WARN_INFINITE_RECURSION = YES;
				CLANG_WARN_INT_CONVERSION = YES;
				CLANG_WARN_NON_LITERAL_NULL_CONVERSION = YES;
				CLANG_WARN_OBJC_IMPLICIT_RETAIN_SELF = YES;
				CLANG_WARN_OBJC_LITERAL_CONVERSION = YES;
				CLANG_WARN_OBJC_ROOT_CLASS = YES_ERROR;
				CLANG_WARN_RANGE_LOOP_ANALYSIS = YES;
				CLANG_WARN_STRICT_PROTOTYPES = YES;
				CLANG_WARN_SUSPICIOUS_MOVE = YES;
				CLANG_WARN_UNGUARDED_AVAILABILITY = YES_AGGRESSIVE;
				CLANG_WARN_UNREACHABLE_CODE = YES;
				CLANG_WARN__DUPLICATE_METHOD_MATCH = YES;
				CODE_SIGN_IDENTITY = "iPhone Developer";
				COPY_PHASE_STRIP = NO;
				DEBUG_INFORMATION_FORMAT = "dwarf-with-dsym";
				ENABLE_NS_ASSERTIONS = NO;
				ENABLE_STRICT_OBJC_MSGSEND = YES;
				GCC_C_LANGUAGE_STANDARD = gnu11;
				GCC_NO_COMMON_BLOCKS = YES;
				GCC_WARN_64_TO_32_BIT_CONVERSION = YES;
				GCC_WARN_ABOUT_RETURN_TYPE = YES_ERROR;
				GCC_WARN_UNDECLARED_SELECTOR = YES;
				GCC_WARN_UNINITIALIZED_AUTOS = YES_AGGRESSIVE;
				GCC_WARN_UNUSED_FUNCTION = YES;
				GCC_WARN_UNUSED_VARIABLE = YES;
				IPHONEOS_DEPLOYMENT_TARGET = 11.4;
				MTL_ENABLE_DEBUG_INFO = NO;
				SDKROOT = iphoneos;
				SWIFT_COMPILATION_MODE = wholemodule;
				SWIFT_OPTIMIZATION_LEVEL = "-O";
				VALIDATE_PRODUCT = YES;
			};
			name = Release;
		};
		AF12C8B221D22C91007450EF /* Debug */ = {
			isa = XCBuildConfiguration;
			baseConfigurationReference = DA8FD29341BFC5EE48219A44 /* Pods-BasicSample.debug.xcconfig */;
			buildSettings = {
				ASSETCATALOG_COMPILER_APPICON_NAME = AppIcon;
				CODE_SIGN_STYLE = Automatic;
				INFOPLIST_FILE = BasicSample/Info.plist;
				LD_RUNPATH_SEARCH_PATHS = "$(inherited) @executable_path/Frameworks";
				PRODUCT_BUNDLE_IDENTIFIER = com.bold360ai.engine.BasicSample;
				PRODUCT_NAME = "$(TARGET_NAME)";
				SWIFT_VERSION = 4.0;
				TARGETED_DEVICE_FAMILY = "1,2";
			};
			name = Debug;
		};
		AF12C8B321D22C91007450EF /* Release */ = {
			isa = XCBuildConfiguration;
			baseConfigurationReference = A12BC677915BCEDAF99495A0 /* Pods-BasicSample.release.xcconfig */;
			buildSettings = {
				ASSETCATALOG_COMPILER_APPICON_NAME = AppIcon;
				CODE_SIGN_STYLE = Automatic;
				INFOPLIST_FILE = BasicSample/Info.plist;
				LD_RUNPATH_SEARCH_PATHS = "$(inherited) @executable_path/Frameworks";
				PRODUCT_BUNDLE_IDENTIFIER = com.bold360ai.engine.BasicSample;
				PRODUCT_NAME = "$(TARGET_NAME)";
				SWIFT_VERSION = 4.0;
				TARGETED_DEVICE_FAMILY = "1,2";
			};
			name = Release;
		};
/* End XCBuildConfiguration section */

/* Begin XCConfigurationList section */
		AF12C89A21D22C90007450EF /* Build configuration list for PBXProject "BasicSample" */ = {
			isa = XCConfigurationList;
			buildConfigurations = (
				AF12C8AF21D22C91007450EF /* Debug */,
				AF12C8B021D22C91007450EF /* Release */,
			);
			defaultConfigurationIsVisible = 0;
			defaultConfigurationName = Release;
		};
		AF12C8B121D22C91007450EF /* Build configuration list for PBXNativeTarget "BasicSample" */ = {
			isa = XCConfigurationList;
			buildConfigurations = (
				AF12C8B221D22C91007450EF /* Debug */,
				AF12C8B321D22C91007450EF /* Release */,
			);
			defaultConfigurationIsVisible = 0;
			defaultConfigurationName = Release;
		};
/* End XCConfigurationList section */
	};
	rootObject = AF12C89721D22C90007450EF /* Project object */;
}
